
Microsoft Visual Studio Solution File, Format Version 12.00
# Visual Studio Version 16
VisualStudioVersion = 16.0.30503.244
MinimumVisualStudioVersion = 10.0.40219.1
Project("{9A19103F-16F7-4668-BE54-9A1E7A4F7556}") = "PokemonGo.Manager", "PokemonGo.Manager\PokemonGo.Manager.csproj", "{7B793D2D-F753-4708-AF89-220E6D102A9C}"
EndProject
Project("{9A19103F-16F7-4668-BE54-9A1E7A4F7556}") = "PokemonGo.Context", "PokemonGo.Context\PokemonGo.Context.csproj", "{731F5754-9FE2-4F6F-A143-C7116850C97D}"
EndProject
Project("{9A19103F-16F7-4668-BE54-9A1E7A4F7556}") = "PokemonGo.Forms", "PokemonGo.Forms\PokemonGo.Forms.csproj", "{A7FC69E1-1749-4279-82D9-776B292C2FC1}"
EndProject
Project("{FAE04EC0-301F-11D3-BF4B-00C04F79EFBC}") = "Testador", "Testador\Testador.csproj", "{DEF230F3-AE91-4668-90E4-6FB729292EE7}"
EndProject
Global
	GlobalSection(SolutionConfigurationPlatforms) = preSolution
		Debug|Any CPU = Debug|Any CPU
		Release|Any CPU = Release|Any CPU
	EndGlobalSection
	GlobalSection(ProjectConfigurationPlatforms) = postSolution
		{7B793D2D-F753-4708-AF89-220E6D102A9C}.Debug|Any CPU.ActiveCfg = Debug|Any CPU
		{7B793D2D-F753-4708-AF89-220E6D102A9C}.Debug|Any CPU.Build.0 = Debug|Any CPU
		{7B793D2D-F753-4708-AF89-220E6D102A9C}.Release|Any CPU.ActiveCfg = Release|Any CPU
		{7B793D2D-F753-4708-AF89-220E6D102A9C}.Release|Any CPU.Build.0 = Release|Any CPU
		{731F5754-9FE2-4F6F-A143-C7116850C97D}.Debug|Any CPU.ActiveCfg = Debug|Any CPU
		{731F5754-9FE2-4F6F-A143-C7116850C97D}.Debug|Any CPU.Build.0 = Debug|Any CPU
		{731F5754-9FE2-4F6F-A143-C7116850C97D}.Release|Any CPU.ActiveCfg = Release|Any CPU
		{731F5754-9FE2-4F6F-A143-C7116850C97D}.Release|Any CPU.Build.0 = Release|Any CPU
		{A7FC69E1-1749-4279-82D9-776B292C2FC1}.Debug|Any CPU.ActiveCfg = Debug|Any CPU
		{A7FC69E1-1749-4279-82D9-776B292C2FC1}.Debug|Any CPU.Build.0 = Debug|Any CPU
		{A7FC69E1-1749-4279-82D9-776B292C2FC1}.Release|Any CPU.ActiveCfg = Release|Any CPU
		{A7FC69E1-1749-4279-82D9-776B292C2FC1}.Release|Any CPU.Build.0 = Release|Any CPU
		{DEF230F3-AE91-4668-90E4-6FB729292EE7}.Debug|Any CPU.ActiveCfg = Debug|Any CPU
		{DEF230F3-AE91-4668-90E4-6FB729292EE7}.Debug|Any CPU.Build.0 = Debug|Any CPU
		{DEF230F3-AE91-4668-90E4-6FB729292EE7}.Release|Any CPU.ActiveCfg = Release|Any CPU
		{DEF230F3-AE91-4668-90E4-6FB729292EE7}.Release|Any CPU.Build.0 = Release|Any CPU
	EndGlobalSection
	GlobalSection(SolutionProperties) = preSolution
		HideSolutionNode = FALSE
	EndGlobalSection
	GlobalSection(ExtensibilityGlobals) = postSolution
		SolutionGuid = {1C925139-7CDA-4BC0-A875-B7BAAFC409EA}
	EndGlobalSection
EndGlobal
